
Microsoft Visual Studio Solution File, Format Version 12.00
# Visual Studio Version 17
VisualStudioVersion = 17.9.34622.214
MinimumVisualStudioVersion = 10.0.40219.1
Project("{2150E333-8FDC-42A3-9474-1A3956D46DE8}") = "Services", "Services", "{082074CB-CE94-4003-BFD7-57643C3A9ABD}"
EndProject
Project("{2150E333-8FDC-42A3-9474-1A3956D46DE8}") = "Catalog", "Catalog", "{82EA411C-2CF0-4160-935D-7B908B74358B}"
EndProject
Project("{9A19103F-16F7-4668-BE54-9A1E7A4F7556}") = "MultiShop.Catalog", "Services\Catalog\MultiShop.Catalog\MultiShop.Catalog.csproj", "{A2314951-CD9C-4CA0-B3D7-2B37CEF0D90B}"
EndProject
Project("{2150E333-8FDC-42A3-9474-1A3956D46DE8}") = "Discount", "Discount", "{9A514824-3F1D-4DC8-B720-29E5D0CEEF68}"
EndProject
Project("{9A19103F-16F7-4668-BE54-9A1E7A4F7556}") = "MultiShop.Discount", "Services\Discount\MultiShop.Discount\MultiShop.Discount.csproj", "{613FEDB1-8212-402A-8771-16FC6153DF08}"
EndProject
Project("{2150E333-8FDC-42A3-9474-1A3956D46DE8}") = "Order", "Order", "{1BCC09C0-3675-449D-BA7B-A97B35696F63}"
EndProject
Project("{2150E333-8FDC-42A3-9474-1A3956D46DE8}") = "Core", "Core", "{FCCCDA22-6ACA-4753-A8CA-9ECDD67392F2}"
EndProject
Project("{2150E333-8FDC-42A3-9474-1A3956D46DE8}") = "Infrastructure", "Infrastructure", "{526A3E50-40D9-4280-9729-06DB9321F0EE}"
EndProject
Project("{2150E333-8FDC-42A3-9474-1A3956D46DE8}") = "Prensentation", "Prensentation", "{D2F9E84F-E396-40DD-B53A-B90FAC9E8CC6}"
EndProject
Project("{FAE04EC0-301F-11D3-BF4B-00C04F79EFBC}") = "MultiShop.Order.Domain", "Services\Order\Core\MultiShop.Order.Domain\MultiShop.Order.Domain.csproj", "{37C5EFE5-9089-451D-9D9C-DA729D727772}"
EndProject
Project("{FAE04EC0-301F-11D3-BF4B-00C04F79EFBC}") = "MultiShop.Order.Application", "Services\Order\Core\MultiShop.Order.Application\MultiShop.Order.Application.csproj", "{9D3EACBB-44E3-49DC-97C2-85BAF408F145}"
EndProject
Project("{FAE04EC0-301F-11D3-BF4B-00C04F79EFBC}") = "MultiShop.Order.Persistence", "Services\Order\Infrastructure\MultiShop.Order.Persistence\MultiShop.Order.Persistence.csproj", "{B24086A7-E5B6-4C55-8884-CA0AE69FEE0F}"
EndProject
Project("{FAE04EC0-301F-11D3-BF4B-00C04F79EFBC}") = "MultiShop.Order.WebApi", "Services\Order\Presentation\MultiShop.Order.WebApi\MultiShop.Order.WebApi.csproj", "{7EDDAFF0-3CA4-4283-9BF0-5D7C2987F540}"
EndProject
Global
	GlobalSection(SolutionConfigurationPlatforms) = preSolution
		Debug|Any CPU = Debug|Any CPU
		Release|Any CPU = Release|Any CPU
	EndGlobalSection
	GlobalSection(ProjectConfigurationPlatforms) = postSolution
		{A2314951-CD9C-4CA0-B3D7-2B37CEF0D90B}.Debug|Any CPU.ActiveCfg = Debug|Any CPU
		{A2314951-CD9C-4CA0-B3D7-2B37CEF0D90B}.Debug|Any CPU.Build.0 = Debug|Any CPU
		{A2314951-CD9C-4CA0-B3D7-2B37CEF0D90B}.Release|Any CPU.ActiveCfg = Release|Any CPU
		{A2314951-CD9C-4CA0-B3D7-2B37CEF0D90B}.Release|Any CPU.Build.0 = Release|Any CPU
		{613FEDB1-8212-402A-8771-16FC6153DF08}.Debug|Any CPU.ActiveCfg = Debug|Any CPU
		{613FEDB1-8212-402A-8771-16FC6153DF08}.Debug|Any CPU.Build.0 = Debug|Any CPU
		{613FEDB1-8212-402A-8771-16FC6153DF08}.Release|Any CPU.ActiveCfg = Release|Any CPU
		{613FEDB1-8212-402A-8771-16FC6153DF08}.Release|Any CPU.Build.0 = Release|Any CPU
		{37C5EFE5-9089-451D-9D9C-DA729D727772}.Debug|Any CPU.ActiveCfg = Debug|Any CPU
		{37C5EFE5-9089-451D-9D9C-DA729D727772}.Debug|Any CPU.Build.0 = Debug|Any CPU
		{37C5EFE5-9089-451D-9D9C-DA729D727772}.Release|Any CPU.ActiveCfg = Release|Any CPU
		{37C5EFE5-9089-451D-9D9C-DA729D727772}.Release|Any CPU.Build.0 = Release|Any CPU
		{9D3EACBB-44E3-49DC-97C2-85BAF408F145}.Debug|Any CPU.ActiveCfg = Debug|Any CPU
		{9D3EACBB-44E3-49DC-97C2-85BAF408F145}.Debug|Any CPU.Build.0 = Debug|Any CPU
		{9D3EACBB-44E3-49DC-97C2-85BAF408F145}.Release|Any CPU.ActiveCfg = Release|Any CPU
		{9D3EACBB-44E3-49DC-97C2-85BAF408F145}.Release|Any CPU.Build.0 = Release|Any CPU
		{B24086A7-E5B6-4C55-8884-CA0AE69FEE0F}.Debug|Any CPU.ActiveCfg = Debug|Any CPU
		{B24086A7-E5B6-4C55-8884-CA0AE69FEE0F}.Debug|Any CPU.Build.0 = Debug|Any CPU
		{B24086A7-E5B6-4C55-8884-CA0AE69FEE0F}.Release|Any CPU.ActiveCfg = Release|Any CPU
		{B24086A7-E5B6-4C55-8884-CA0AE69FEE0F}.Release|Any CPU.Build.0 = Release|Any CPU
		{7EDDAFF0-3CA4-4283-9BF0-5D7C2987F540}.Debug|Any CPU.ActiveCfg = Debug|Any CPU
		{7EDDAFF0-3CA4-4283-9BF0-5D7C2987F540}.Debug|Any CPU.Build.0 = Debug|Any CPU
		{7EDDAFF0-3CA4-4283-9BF0-5D7C2987F540}.Release|Any CPU.ActiveCfg = Release|Any CPU
		{7EDDAFF0-3CA4-4283-9BF0-5D7C2987F540}.Release|Any CPU.Build.0 = Release|Any CPU
	EndGlobalSection
	GlobalSection(SolutionProperties) = preSolution
		HideSolutionNode = FALSE
	EndGlobalSection
	GlobalSection(NestedProjects) = preSolution
		{82EA411C-2CF0-4160-935D-7B908B74358B} = {082074CB-CE94-4003-BFD7-57643C3A9ABD}
		{A2314951-CD9C-4CA0-B3D7-2B37CEF0D90B} = {82EA411C-2CF0-4160-935D-7B908B74358B}
		{9A514824-3F1D-4DC8-B720-29E5D0CEEF68} = {082074CB-CE94-4003-BFD7-57643C3A9ABD}
		{613FEDB1-8212-402A-8771-16FC6153DF08} = {9A514824-3F1D-4DC8-B720-29E5D0CEEF68}
		{1BCC09C0-3675-449D-BA7B-A97B35696F63} = {082074CB-CE94-4003-BFD7-57643C3A9ABD}
		{FCCCDA22-6ACA-4753-A8CA-9ECDD67392F2} = {1BCC09C0-3675-449D-BA7B-A97B35696F63}
		{526A3E50-40D9-4280-9729-06DB9321F0EE} = {1BCC09C0-3675-449D-BA7B-A97B35696F63}
		{D2F9E84F-E396-40DD-B53A-B90FAC9E8CC6} = {1BCC09C0-3675-449D-BA7B-A97B35696F63}
		{37C5EFE5-9089-451D-9D9C-DA729D727772} = {FCCCDA22-6ACA-4753-A8CA-9ECDD67392F2}
		{9D3EACBB-44E3-49DC-97C2-85BAF408F145} = {FCCCDA22-6ACA-4753-A8CA-9ECDD67392F2}
		{B24086A7-E5B6-4C55-8884-CA0AE69FEE0F} = {526A3E50-40D9-4280-9729-06DB9321F0EE}
		{7EDDAFF0-3CA4-4283-9BF0-5D7C2987F540} = {D2F9E84F-E396-40DD-B53A-B90FAC9E8CC6}
	EndGlobalSection
	GlobalSection(ExtensibilityGlobals) = postSolution
		SolutionGuid = {491D64E9-9A05-4A7D-A06E-861F2BC49267}
	EndGlobalSection
EndGlobal
